// !$*UTF8*$!
{
	archiveVersion = 1;
	classes = {
	};
	objectVersion = 50;
	objects = {

/* Begin PBXBuildFile section */
		1E0DAAED20B1AF29003C9BDF /* FilterViewController.swift in Sources */ = {isa = PBXBuildFile; fileRef = 1E0DAAEC20B1AF29003C9BDF /* FilterViewController.swift */; };
		1E0DAAF120B1BEA3003C9BDF /* FilterSortTableViewCell.swift in Sources */ = {isa = PBXBuildFile; fileRef = 1E0DAAEF20B1BEA3003C9BDF /* FilterSortTableViewCell.swift */; };
		1E0DAAF220B1BEA3003C9BDF /* FilterSortTableViewCell.xib in Resources */ = {isa = PBXBuildFile; fileRef = 1E0DAAF020B1BEA3003C9BDF /* FilterSortTableViewCell.xib */; };
		1E0DAAF720B1BEFF003C9BDF /* FilterTypeTableViewCell.swift in Sources */ = {isa = PBXBuildFile; fileRef = 1E0DAAF520B1BEFF003C9BDF /* FilterTypeTableViewCell.swift */; };
		1E0DAAF820B1BEFF003C9BDF /* FilterTypeTableViewCell.xib in Resources */ = {isa = PBXBuildFile; fileRef = 1E0DAAF620B1BEFF003C9BDF /* FilterTypeTableViewCell.xib */; };
		1E0DAAFB20B1BF12003C9BDF /* ExperienceBarTableViewCell.swift in Sources */ = {isa = PBXBuildFile; fileRef = 1E0DAAF920B1BF12003C9BDF /* ExperienceBarTableViewCell.swift */; };
		1E0DAAFC20B1BF12003C9BDF /* ExperienceBarTableViewCell.xib in Resources */ = {isa = PBXBuildFile; fileRef = 1E0DAAFA20B1BF12003C9BDF /* ExperienceBarTableViewCell.xib */; };
		1E428B2A20B072E8001F5B18 /* AppDelegate.swift in Sources */ = {isa = PBXBuildFile; fileRef = 1E428B2920B072E8001F5B18 /* AppDelegate.swift */; };
		1E428B2C20B072E8001F5B18 /* EvHiveHomeViewController.swift in Sources */ = {isa = PBXBuildFile; fileRef = 1E428B2B20B072E8001F5B18 /* EvHiveHomeViewController.swift */; };
		1E428B2F20B072E8001F5B18 /* Main.storyboard in Resources */ = {isa = PBXBuildFile; fileRef = 1E428B2D20B072E8001F5B18 /* Main.storyboard */; };
		1E428B3120B072EB001F5B18 /* Assets.xcassets in Resources */ = {isa = PBXBuildFile; fileRef = 1E428B3020B072EB001F5B18 /* Assets.xcassets */; };
		1E428B3420B072EB001F5B18 /* LaunchScreen.storyboard in Resources */ = {isa = PBXBuildFile; fileRef = 1E428B3220B072EB001F5B18 /* LaunchScreen.storyboard */; };
		1E428B3F20B072EB001F5B18 /* EvHiveTests.swift in Sources */ = {isa = PBXBuildFile; fileRef = 1E428B3E20B072EB001F5B18 /* EvHiveTests.swift */; };
		1E428B4A20B072EB001F5B18 /* EvHiveUITests.swift in Sources */ = {isa = PBXBuildFile; fileRef = 1E428B4920B072EB001F5B18 /* EvHiveUITests.swift */; };
		1E428B5D20B0761E001F5B18 /* JobCardTableViewCell.swift in Sources */ = {isa = PBXBuildFile; fileRef = 1E428B5B20B0761E001F5B18 /* JobCardTableViewCell.swift */; };
		1E428B5E20B0761E001F5B18 /* JobCardTableViewCell.xib in Resources */ = {isa = PBXBuildFile; fileRef = 1E428B5C20B0761E001F5B18 /* JobCardTableViewCell.xib */; };
		1E428B6220B07F9D001F5B18 /* ChatBubbleSentTableViewCell.swift in Sources */ = {isa = PBXBuildFile; fileRef = 1E428B6020B07F9D001F5B18 /* ChatBubbleSentTableViewCell.swift */; };
		1E428B6320B07F9D001F5B18 /* ChatBubbleSentTableViewCell.xib in Resources */ = {isa = PBXBuildFile; fileRef = 1E428B6120B07F9D001F5B18 /* ChatBubbleSentTableViewCell.xib */; };
		1E428B6720B08738001F5B18 /* ChatBubbleReceivedTableViewCell.swift in Sources */ = {isa = PBXBuildFile; fileRef = 1E428B6520B08738001F5B18 /* ChatBubbleReceivedTableViewCell.swift */; };
		1E428B6820B08738001F5B18 /* ChatBubbleReceivedTableViewCell.xib in Resources */ = {isa = PBXBuildFile; fileRef = 1E428B6620B08738001F5B18 /* ChatBubbleReceivedTableViewCell.xib */; };
		1E428B6C20B16CAB001F5B18 /* ProfileIconTableViewCell.swift in Sources */ = {isa = PBXBuildFile; fileRef = 1E428B6A20B16CAB001F5B18 /* ProfileIconTableViewCell.swift */; };
		1E428B6D20B16CAB001F5B18 /* ProfileIconTableViewCell.xib in Resources */ = {isa = PBXBuildFile; fileRef = 1E428B6B20B16CAB001F5B18 /* ProfileIconTableViewCell.xib */; };
		1E428B7220B171A0001F5B18 /* JobCategoryTableViewCell.swift in Sources */ = {isa = PBXBuildFile; fileRef = 1E428B7020B171A0001F5B18 /* JobCategoryTableViewCell.swift */; };
		1E428B7320B171A0001F5B18 /* JobCategoryTableViewCell.xib in Resources */ = {isa = PBXBuildFile; fileRef = 1E428B7120B171A0001F5B18 /* JobCategoryTableViewCell.xib */; };
		1E428B7720B179CF001F5B18 /* SearchingJobsTableViewCell.swift in Sources */ = {isa = PBXBuildFile; fileRef = 1E428B7520B179CF001F5B18 /* SearchingJobsTableViewCell.swift */; };
		1E428B7820B179CF001F5B18 /* SearchingJobsTableViewCell.xib in Resources */ = {isa = PBXBuildFile; fileRef = 1E428B7620B179CF001F5B18 /* SearchingJobsTableViewCell.xib */; };
		1E428B7A20B18433001F5B18 /* OptionViewController.swift in Sources */ = {isa = PBXBuildFile; fileRef = 1E428B7920B18433001F5B18 /* OptionViewController.swift */; };
		1E8DAA5920B1CE4300C3FFB3 /* HeaderView.xib in Resources */ = {isa = PBXBuildFile; fileRef = 1E8DAA5820B1CE4300C3FFB3 /* HeaderView.xib */; };
		1E8DAA5B20B1CE7C00C3FFB3 /* HeaderView.swift in Sources */ = {isa = PBXBuildFile; fileRef = 1E8DAA5A20B1CE7C00C3FFB3 /* HeaderView.swift */; };
		1E8DAA5E20B1D5E700C3FFB3 /* FilterButtonView.xib in Resources */ = {isa = PBXBuildFile; fileRef = 1E8DAA5D20B1D5E700C3FFB3 /* FilterButtonView.xib */; };
		1E8DAA6020B1D6B300C3FFB3 /* FilterButtonView.swift in Sources */ = {isa = PBXBuildFile; fileRef = 1E8DAA5F20B1D6B300C3FFB3 /* FilterButtonView.swift */; };
		23B1240AD24060BFE7E4F9AE /* Pods_EvHiveTests.framework in Frameworks */ = {isa = PBXBuildFile; fileRef = C95DBA1D7C0EDFFC32FB4537 /* Pods_EvHiveTests.framework */; };
		361D1A80D80869AC7B59EA7C /* Pods_EvHiveUITests.framework in Frameworks */ = {isa = PBXBuildFile; fileRef = 6F6AC6E915A41B8E321812EA /* Pods_EvHiveUITests.framework */; };
		3D2960958AC690B7E31AFA9A /* Pods_EvHive.framework in Frameworks */ = {isa = PBXBuildFile; fileRef = B203E4CB6EB0694E82E0BC8E /* Pods_EvHive.framework */; };
/* End PBXBuildFile section */

/* Begin PBXContainerItemProxy section */
		1E428B3B20B072EB001F5B18 /* PBXContainerItemProxy */ = {
			isa = PBXContainerItemProxy;
			containerPortal = 1E428B1E20B072E8001F5B18 /* Project object */;
			proxyType = 1;
			remoteGlobalIDString = 1E428B2520B072E8001F5B18;
			remoteInfo = EvHive;
		};
		1E428B4620B072EB001F5B18 /* PBXContainerItemProxy */ = {
			isa = PBXContainerItemProxy;
			containerPortal = 1E428B1E20B072E8001F5B18 /* Project object */;
			proxyType = 1;
			remoteGlobalIDString = 1E428B2520B072E8001F5B18;
			remoteInfo = EvHive;
		};
/* End PBXContainerItemProxy section */

/* Begin PBXFileReference section */
		112E7A07B1FEEA6DAC2F6EE9 /* Pods-EvHiveUITests.debug.xcconfig */ = {isa = PBXFileReference; includeInIndex = 1; lastKnownFileType = text.xcconfig; name = "Pods-EvHiveUITests.debug.xcconfig"; path = "Pods/Target Support Files/Pods-EvHiveUITests/Pods-EvHiveUITests.debug.xcconfig"; sourceTree = "<group>"; };
		1E0DAAEC20B1AF29003C9BDF /* FilterViewController.swift */ = {isa = PBXFileReference; lastKnownFileType = sourcecode.swift; path = FilterViewController.swift; sourceTree = "<group>"; };
		1E0DAAEF20B1BEA3003C9BDF /* FilterSortTableViewCell.swift */ = {isa = PBXFileReference; lastKnownFileType = sourcecode.swift; path = FilterSortTableViewCell.swift; sourceTree = "<group>"; };
		1E0DAAF020B1BEA3003C9BDF /* FilterSortTableViewCell.xib */ = {isa = PBXFileReference; lastKnownFileType = file.xib; path = FilterSortTableViewCell.xib; sourceTree = "<group>"; };
		1E0DAAF520B1BEFF003C9BDF /* FilterTypeTableViewCell.swift */ = {isa = PBXFileReference; lastKnownFileType = sourcecode.swift; path = FilterTypeTableViewCell.swift; sourceTree = "<group>"; };
		1E0DAAF620B1BEFF003C9BDF /* FilterTypeTableViewCell.xib */ = {isa = PBXFileReference; lastKnownFileType = file.xib; path = FilterTypeTableViewCell.xib; sourceTree = "<group>"; };
		1E0DAAF920B1BF12003C9BDF /* ExperienceBarTableViewCell.swift */ = {isa = PBXFileReference; lastKnownFileType = sourcecode.swift; path = ExperienceBarTableViewCell.swift; sourceTree = "<group>"; };
		1E0DAAFA20B1BF12003C9BDF /* ExperienceBarTableViewCell.xib */ = {isa = PBXFileReference; lastKnownFileType = file.xib; path = ExperienceBarTableViewCell.xib; sourceTree = "<group>"; };
		1E428B2620B072E8001F5B18 /* EvHive.app */ = {isa = PBXFileReference; explicitFileType = wrapper.application; includeInIndex = 0; path = EvHive.app; sourceTree = BUILT_PRODUCTS_DIR; };
		1E428B2920B072E8001F5B18 /* AppDelegate.swift */ = {isa = PBXFileReference; lastKnownFileType = sourcecode.swift; path = AppDelegate.swift; sourceTree = "<group>"; };
		1E428B2B20B072E8001F5B18 /* EvHiveHomeViewController.swift */ = {isa = PBXFileReference; lastKnownFileType = sourcecode.swift; path = EvHiveHomeViewController.swift; sourceTree = "<group>"; };
		1E428B2E20B072E8001F5B18 /* Base */ = {isa = PBXFileReference; lastKnownFileType = file.storyboard; name = Base; path = Base.lproj/Main.storyboard; sourceTree = "<group>"; };
		1E428B3020B072EB001F5B18 /* Assets.xcassets */ = {isa = PBXFileReference; lastKnownFileType = folder.assetcatalog; path = Assets.xcassets; sourceTree = "<group>"; };
		1E428B3320B072EB001F5B18 /* Base */ = {isa = PBXFileReference; lastKnownFileType = file.storyboard; name = Base; path = Base.lproj/LaunchScreen.storyboard; sourceTree = "<group>"; };
		1E428B3520B072EB001F5B18 /* Info.plist */ = {isa = PBXFileReference; lastKnownFileType = text.plist.xml; path = Info.plist; sourceTree = "<group>"; };
		1E428B3A20B072EB001F5B18 /* EvHiveTests.xctest */ = {isa = PBXFileReference; explicitFileType = wrapper.cfbundle; includeInIndex = 0; path = EvHiveTests.xctest; sourceTree = BUILT_PRODUCTS_DIR; };
		1E428B3E20B072EB001F5B18 /* EvHiveTests.swift */ = {isa = PBXFileReference; lastKnownFileType = sourcecode.swift; path = EvHiveTests.swift; sourceTree = "<group>"; };
		1E428B4020B072EB001F5B18 /* Info.plist */ = {isa = PBXFileReference; lastKnownFileType = text.plist.xml; path = Info.plist; sourceTree = "<group>"; };
		1E428B4520B072EB001F5B18 /* EvHiveUITests.xctest */ = {isa = PBXFileReference; explicitFileType = wrapper.cfbundle; includeInIndex = 0; path = EvHiveUITests.xctest; sourceTree = BUILT_PRODUCTS_DIR; };
		1E428B4920B072EB001F5B18 /* EvHiveUITests.swift */ = {isa = PBXFileReference; lastKnownFileType = sourcecode.swift; path = EvHiveUITests.swift; sourceTree = "<group>"; };
		1E428B4B20B072EB001F5B18 /* Info.plist */ = {isa = PBXFileReference; lastKnownFileType = text.plist.xml; path = Info.plist; sourceTree = "<group>"; };
		1E428B5B20B0761E001F5B18 /* JobCardTableViewCell.swift */ = {isa = PBXFileReference; lastKnownFileType = sourcecode.swift; path = JobCardTableViewCell.swift; sourceTree = "<group>"; };
		1E428B5C20B0761E001F5B18 /* JobCardTableViewCell.xib */ = {isa = PBXFileReference; lastKnownFileType = file.xib; path = JobCardTableViewCell.xib; sourceTree = "<group>"; };
		1E428B6020B07F9D001F5B18 /* ChatBubbleSentTableViewCell.swift */ = {isa = PBXFileReference; lastKnownFileType = sourcecode.swift; path = ChatBubbleSentTableViewCell.swift; sourceTree = "<group>"; };
		1E428B6120B07F9D001F5B18 /* ChatBubbleSentTableViewCell.xib */ = {isa = PBXFileReference; lastKnownFileType = file.xib; path = ChatBubbleSentTableViewCell.xib; sourceTree = "<group>"; };
		1E428B6520B08738001F5B18 /* ChatBubbleReceivedTableViewCell.swift */ = {isa = PBXFileReference; lastKnownFileType = sourcecode.swift; path = ChatBubbleReceivedTableViewCell.swift; sourceTree = "<group>"; };
		1E428B6620B08738001F5B18 /* ChatBubbleReceivedTableViewCell.xib */ = {isa = PBXFileReference; lastKnownFileType = file.xib; path = ChatBubbleReceivedTableViewCell.xib; sourceTree = "<group>"; };
		1E428B6A20B16CAB001F5B18 /* ProfileIconTableViewCell.swift */ = {isa = PBXFileReference; lastKnownFileType = sourcecode.swift; path = ProfileIconTableViewCell.swift; sourceTree = "<group>"; };
		1E428B6B20B16CAB001F5B18 /* ProfileIconTableViewCell.xib */ = {isa = PBXFileReference; lastKnownFileType = file.xib; path = ProfileIconTableViewCell.xib; sourceTree = "<group>"; };
		1E428B7020B171A0001F5B18 /* JobCategoryTableViewCell.swift */ = {isa = PBXFileReference; lastKnownFileType = sourcecode.swift; path = JobCategoryTableViewCell.swift; sourceTree = "<group>"; };
		1E428B7120B171A0001F5B18 /* JobCategoryTableViewCell.xib */ = {isa = PBXFileReference; lastKnownFileType = file.xib; path = JobCategoryTableViewCell.xib; sourceTree = "<group>"; };
		1E428B7520B179CF001F5B18 /* SearchingJobsTableViewCell.swift */ = {isa = PBXFileReference; lastKnownFileType = sourcecode.swift; path = SearchingJobsTableViewCell.swift; sourceTree = "<group>"; };
		1E428B7620B179CF001F5B18 /* SearchingJobsTableViewCell.xib */ = {isa = PBXFileReference; lastKnownFileType = file.xib; path = SearchingJobsTableViewCell.xib; sourceTree = "<group>"; };
		1E428B7920B18433001F5B18 /* OptionViewController.swift */ = {isa = PBXFileReference; lastKnownFileType = sourcecode.swift; path = OptionViewController.swift; sourceTree = "<group>"; };
		1E8DAA5820B1CE4300C3FFB3 /* HeaderView.xib */ = {isa = PBXFileReference; lastKnownFileType = file.xib; path = HeaderView.xib; sourceTree = "<group>"; };
		1E8DAA5A20B1CE7C00C3FFB3 /* HeaderView.swift */ = {isa = PBXFileReference; lastKnownFileType = sourcecode.swift; path = HeaderView.swift; sourceTree = "<group>"; };
		1E8DAA5D20B1D5E700C3FFB3 /* FilterButtonView.xib */ = {isa = PBXFileReference; lastKnownFileType = file.xib; path = FilterButtonView.xib; sourceTree = "<group>"; };
		1E8DAA5F20B1D6B300C3FFB3 /* FilterButtonView.swift */ = {isa = PBXFileReference; lastKnownFileType = sourcecode.swift; path = FilterButtonView.swift; sourceTree = "<group>"; };
		4AFEBD771E0442DC2CDA73B5 /* Pods-EvHiveTests.debug.xcconfig */ = {isa = PBXFileReference; includeInIndex = 1; lastKnownFileType = text.xcconfig; name = "Pods-EvHiveTests.debug.xcconfig"; path = "Pods/Target Support Files/Pods-EvHiveTests/Pods-EvHiveTests.debug.xcconfig"; sourceTree = "<group>"; };
		4F48577D5CBD8CE5C8C3ACA0 /* Pods-EvHive.debug.xcconfig */ = {isa = PBXFileReference; includeInIndex = 1; lastKnownFileType = text.xcconfig; name = "Pods-EvHive.debug.xcconfig"; path = "Pods/Target Support Files/Pods-EvHive/Pods-EvHive.debug.xcconfig"; sourceTree = "<group>"; };
		63A2C88870D2621F2CCB89DB /* Pods-EvHiveUITests.release.xcconfig */ = {isa = PBXFileReference; includeInIndex = 1; lastKnownFileType = text.xcconfig; name = "Pods-EvHiveUITests.release.xcconfig"; path = "Pods/Target Support Files/Pods-EvHiveUITests/Pods-EvHiveUITests.release.xcconfig"; sourceTree = "<group>"; };
		6831FE87DA05EEF6CBE769A1 /* Pods-EvHiveTests.release.xcconfig */ = {isa = PBXFileReference; includeInIndex = 1; lastKnownFileType = text.xcconfig; name = "Pods-EvHiveTests.release.xcconfig"; path = "Pods/Target Support Files/Pods-EvHiveTests/Pods-EvHiveTests.release.xcconfig"; sourceTree = "<group>"; };
		6F6AC6E915A41B8E321812EA /* Pods_EvHiveUITests.framework */ = {isa = PBXFileReference; explicitFileType = wrapper.framework; includeInIndex = 0; path = Pods_EvHiveUITests.framework; sourceTree = BUILT_PRODUCTS_DIR; };
		B203E4CB6EB0694E82E0BC8E /* Pods_EvHive.framework */ = {isa = PBXFileReference; explicitFileType = wrapper.framework; includeInIndex = 0; path = Pods_EvHive.framework; sourceTree = BUILT_PRODUCTS_DIR; };
		C95DBA1D7C0EDFFC32FB4537 /* Pods_EvHiveTests.framework */ = {isa = PBXFileReference; explicitFileType = wrapper.framework; includeInIndex = 0; path = Pods_EvHiveTests.framework; sourceTree = BUILT_PRODUCTS_DIR; };
		D0BB7A8FB08159559B5FB990 /* Pods-EvHive.release.xcconfig */ = {isa = PBXFileReference; includeInIndex = 1; lastKnownFileType = text.xcconfig; name = "Pods-EvHive.release.xcconfig"; path = "Pods/Target Support Files/Pods-EvHive/Pods-EvHive.release.xcconfig"; sourceTree = "<group>"; };
/* End PBXFileReference section */

/* Begin PBXFrameworksBuildPhase section */
		1E428B2320B072E8001F5B18 /* Frameworks */ = {
			isa = PBXFrameworksBuildPhase;
			buildActionMask = 2147483647;
			files = (
				3D2960958AC690B7E31AFA9A /* Pods_EvHive.framework in Frameworks */,
			);
			runOnlyForDeploymentPostprocessing = 0;
		};
		1E428B3720B072EB001F5B18 /* Frameworks */ = {
			isa = PBXFrameworksBuildPhase;
			buildActionMask = 2147483647;
			files = (
				23B1240AD24060BFE7E4F9AE /* Pods_EvHiveTests.framework in Frameworks */,
			);
			runOnlyForDeploymentPostprocessing = 0;
		};
		1E428B4220B072EB001F5B18 /* Frameworks */ = {
			isa = PBXFrameworksBuildPhase;
			buildActionMask = 2147483647;
			files = (
				361D1A80D80869AC7B59EA7C /* Pods_EvHiveUITests.framework in Frameworks */,
			);
			runOnlyForDeploymentPostprocessing = 0;
		};
/* End PBXFrameworksBuildPhase section */

/* Begin PBXGroup section */
		1E0DAAEE20B1BE77003C9BDF /* FilterSortCell */ = {
			isa = PBXGroup;
			children = (
				1E0DAAEF20B1BEA3003C9BDF /* FilterSortTableViewCell.swift */,
				1E0DAAF020B1BEA3003C9BDF /* FilterSortTableViewCell.xib */,
			);
			path = FilterSortCell;
			sourceTree = "<group>";
		};
		1E0DAAF320B1BEBC003C9BDF /* FilterTimeLapseCell */ = {
			isa = PBXGroup;
			children = (
				1E0DAAF520B1BEFF003C9BDF /* FilterTypeTableViewCell.swift */,
				1E0DAAF620B1BEFF003C9BDF /* FilterTypeTableViewCell.xib */,
			);
			path = FilterTimeLapseCell;
			sourceTree = "<group>";
		};
		1E0DAAF420B1BEDB003C9BDF /* ExperienceBarCell */ = {
			isa = PBXGroup;
			children = (
				1E0DAAF920B1BF12003C9BDF /* ExperienceBarTableViewCell.swift */,
				1E0DAAFA20B1BF12003C9BDF /* ExperienceBarTableViewCell.xib */,
			);
			path = ExperienceBarCell;
			sourceTree = "<group>";
		};
		1E428B1D20B072E8001F5B18 = {
			isa = PBXGroup;
			children = (
				1E428B2820B072E8001F5B18 /* EvHive */,
				1E428B3D20B072EB001F5B18 /* EvHiveTests */,
				1E428B4820B072EB001F5B18 /* EvHiveUITests */,
				1E428B2720B072E8001F5B18 /* Products */,
				BA261C8C28B42C84006D7C44 /* Pods */,
				CC3068AEA70B9B6BBAD573F8 /* Frameworks */,
			);
			sourceTree = "<group>";
		};
		1E428B2720B072E8001F5B18 /* Products */ = {
			isa = PBXGroup;
			children = (
				1E428B2620B072E8001F5B18 /* EvHive.app */,
				1E428B3A20B072EB001F5B18 /* EvHiveTests.xctest */,
				1E428B4520B072EB001F5B18 /* EvHiveUITests.xctest */,
			);
			name = Products;
			sourceTree = "<group>";
		};
		1E428B2820B072E8001F5B18 /* EvHive */ = {
			isa = PBXGroup;
			children = (
				1E428B6920B1420C001F5B18 /* ViewControllers */,
				1E428B5920B0755F001F5B18 /* TableCells */,
				1E428B2920B072E8001F5B18 /* AppDelegate.swift */,
				1E428B2D20B072E8001F5B18 /* Main.storyboard */,
				1E428B3020B072EB001F5B18 /* Assets.xcassets */,
				1E428B3220B072EB001F5B18 /* LaunchScreen.storyboard */,
				1E428B3520B072EB001F5B18 /* Info.plist */,
			);
			path = EvHive;
			sourceTree = "<group>";
		};
		1E428B3D20B072EB001F5B18 /* EvHiveTests */ = {
			isa = PBXGroup;
			children = (
				1E428B3E20B072EB001F5B18 /* EvHiveTests.swift */,
				1E428B4020B072EB001F5B18 /* Info.plist */,
			);
			path = EvHiveTests;
			sourceTree = "<group>";
		};
		1E428B4820B072EB001F5B18 /* EvHiveUITests */ = {
			isa = PBXGroup;
			children = (
				1E428B4920B072EB001F5B18 /* EvHiveUITests.swift */,
				1E428B4B20B072EB001F5B18 /* Info.plist */,
			);
			path = EvHiveUITests;
			sourceTree = "<group>";
		};
		1E428B5920B0755F001F5B18 /* TableCells */ = {
			isa = PBXGroup;
			children = (
				1E8DAA5C20B1D5CD00C3FFB3 /* FilterButtonView */,
				1E8DAA5320B1CDE300C3FFB3 /* HeaderView */,
				1E0DAAF420B1BEDB003C9BDF /* ExperienceBarCell */,
				1E0DAAF320B1BEBC003C9BDF /* FilterTimeLapseCell */,
				1E0DAAEE20B1BE77003C9BDF /* FilterSortCell */,
				1E428B7420B179AA001F5B18 /* SearchingJobsCell */,
				1E428B6F20B17189001F5B18 /* JobCategoryCell */,
				1E428B6E20B16D10001F5B18 /* ProfileIconCell */,
				1E428B6420B086E2001F5B18 /* ChatBubbleReceivedCell */,
				1E428B5F20B07F87001F5B18 /* ChatBubbleSentCell */,
				1E428B5A20B07575001F5B18 /* JobCardTableCells */,
			);
			path = TableCells;
			sourceTree = "<group>";
		};
		1E428B5A20B07575001F5B18 /* JobCardTableCells */ = {
			isa = PBXGroup;
			children = (
				1E428B5B20B0761E001F5B18 /* JobCardTableViewCell.swift */,
				1E428B5C20B0761E001F5B18 /* JobCardTableViewCell.xib */,
			);
			path = JobCardTableCells;
			sourceTree = "<group>";
		};
		1E428B5F20B07F87001F5B18 /* ChatBubbleSentCell */ = {
			isa = PBXGroup;
			children = (
				1E428B6020B07F9D001F5B18 /* ChatBubbleSentTableViewCell.swift */,
				1E428B6120B07F9D001F5B18 /* ChatBubbleSentTableViewCell.xib */,
			);
			path = ChatBubbleSentCell;
			sourceTree = "<group>";
		};
		1E428B6420B086E2001F5B18 /* ChatBubbleReceivedCell */ = {
			isa = PBXGroup;
			children = (
				1E428B6520B08738001F5B18 /* ChatBubbleReceivedTableViewCell.swift */,
				1E428B6620B08738001F5B18 /* ChatBubbleReceivedTableViewCell.xib */,
			);
			path = ChatBubbleReceivedCell;
			sourceTree = "<group>";
		};
		1E428B6920B1420C001F5B18 /* ViewControllers */ = {
			isa = PBXGroup;
			children = (
				1E428B2B20B072E8001F5B18 /* EvHiveHomeViewController.swift */,
				1E428B7920B18433001F5B18 /* OptionViewController.swift */,
				1E0DAAEC20B1AF29003C9BDF /* FilterViewController.swift */,
			);
			path = ViewControllers;
			sourceTree = "<group>";
		};
		1E428B6E20B16D10001F5B18 /* ProfileIconCell */ = {
			isa = PBXGroup;
			children = (
				1E428B6A20B16CAB001F5B18 /* ProfileIconTableViewCell.swift */,
				1E428B6B20B16CAB001F5B18 /* ProfileIconTableViewCell.xib */,
			);
			path = ProfileIconCell;
			sourceTree = "<group>";
		};
		1E428B6F20B17189001F5B18 /* JobCategoryCell */ = {
			isa = PBXGroup;
			children = (
				1E428B7020B171A0001F5B18 /* JobCategoryTableViewCell.swift */,
				1E428B7120B171A0001F5B18 /* JobCategoryTableViewCell.xib */,
			);
			path = JobCategoryCell;
			sourceTree = "<group>";
		};
		1E428B7420B179AA001F5B18 /* SearchingJobsCell */ = {
			isa = PBXGroup;
			children = (
				1E428B7520B179CF001F5B18 /* SearchingJobsTableViewCell.swift */,
				1E428B7620B179CF001F5B18 /* SearchingJobsTableViewCell.xib */,
			);
			path = SearchingJobsCell;
			sourceTree = "<group>";
		};
		1E8DAA5320B1CDE300C3FFB3 /* HeaderView */ = {
			isa = PBXGroup;
			children = (
				1E8DAA5A20B1CE7C00C3FFB3 /* HeaderView.swift */,
				1E8DAA5820B1CE4300C3FFB3 /* HeaderView.xib */,
			);
			path = HeaderView;
			sourceTree = "<group>";
		};
		1E8DAA5C20B1D5CD00C3FFB3 /* FilterButtonView */ = {
			isa = PBXGroup;
			children = (
				1E8DAA5F20B1D6B300C3FFB3 /* FilterButtonView.swift */,
				1E8DAA5D20B1D5E700C3FFB3 /* FilterButtonView.xib */,
			);
			path = FilterButtonView;
			sourceTree = "<group>";
		};
		BA261C8C28B42C84006D7C44 /* Pods */ = {
			isa = PBXGroup;
			children = (
				4F48577D5CBD8CE5C8C3ACA0 /* Pods-EvHive.debug.xcconfig */,
				D0BB7A8FB08159559B5FB990 /* Pods-EvHive.release.xcconfig */,
				4AFEBD771E0442DC2CDA73B5 /* Pods-EvHiveTests.debug.xcconfig */,
				6831FE87DA05EEF6CBE769A1 /* Pods-EvHiveTests.release.xcconfig */,
				112E7A07B1FEEA6DAC2F6EE9 /* Pods-EvHiveUITests.debug.xcconfig */,
				63A2C88870D2621F2CCB89DB /* Pods-EvHiveUITests.release.xcconfig */,
			);
			name = Pods;
			sourceTree = "<group>";
		};
		CC3068AEA70B9B6BBAD573F8 /* Frameworks */ = {
			isa = PBXGroup;
			children = (
				B203E4CB6EB0694E82E0BC8E /* Pods_EvHive.framework */,
				C95DBA1D7C0EDFFC32FB4537 /* Pods_EvHiveTests.framework */,
				6F6AC6E915A41B8E321812EA /* Pods_EvHiveUITests.framework */,
			);
			name = Frameworks;
			sourceTree = "<group>";
		};
/* End PBXGroup section */

/* Begin PBXNativeTarget section */
		1E428B2520B072E8001F5B18 /* EvHive */ = {
			isa = PBXNativeTarget;
			buildConfigurationList = 1E428B4E20B072EB001F5B18 /* Build configuration list for PBXNativeTarget "EvHive" */;
			buildPhases = (
				783E902AC7909639BD0FEC83 /* [CP] Check Pods Manifest.lock */,
				1E428B2220B072E8001F5B18 /* Sources */,
				1E428B2320B072E8001F5B18 /* Frameworks */,
				1E428B2420B072E8001F5B18 /* Resources */,
				A5954325713B10BA97D69FEE /* [CP] Embed Pods Frameworks */,
				67F998250ECE9437D243B9A9 /* [CP] Copy Pods Resources */,
			);
			buildRules = (
			);
			dependencies = (
			);
			name = EvHive;
			productName = EvHive;
			productReference = 1E428B2620B072E8001F5B18 /* EvHive.app */;
			productType = "com.apple.product-type.application";
		};
		1E428B3920B072EB001F5B18 /* EvHiveTests */ = {
			isa = PBXNativeTarget;
			buildConfigurationList = 1E428B5120B072EB001F5B18 /* Build configuration list for PBXNativeTarget "EvHiveTests" */;
			buildPhases = (
				53AF7B25C0570BDF4D298AC0 /* [CP] Check Pods Manifest.lock */,
				1E428B3620B072EB001F5B18 /* Sources */,
				1E428B3720B072EB001F5B18 /* Frameworks */,
				1E428B3820B072EB001F5B18 /* Resources */,
				B7BD9D4B3E5D464E1DC23912 /* [CP] Embed Pods Frameworks */,
				B87641DA33923B16FA82C2BC /* [CP] Copy Pods Resources */,
			);
			buildRules = (
			);
			dependencies = (
				1E428B3C20B072EB001F5B18 /* PBXTargetDependency */,
			);
			name = EvHiveTests;
			productName = EvHiveTests;
			productReference = 1E428B3A20B072EB001F5B18 /* EvHiveTests.xctest */;
			productType = "com.apple.product-type.bundle.unit-test";
		};
		1E428B4420B072EB001F5B18 /* EvHiveUITests */ = {
			isa = PBXNativeTarget;
			buildConfigurationList = 1E428B5420B072EB001F5B18 /* Build configuration list for PBXNativeTarget "EvHiveUITests" */;
			buildPhases = (
				AA435C5BE4AB4127F41A581A /* [CP] Check Pods Manifest.lock */,
				1E428B4120B072EB001F5B18 /* Sources */,
				1E428B4220B072EB001F5B18 /* Frameworks */,
				1E428B4320B072EB001F5B18 /* Resources */,
				F04DBF4B663FB1B838819280 /* [CP] Embed Pods Frameworks */,
				B6661CECDD52B763A7A3D9E0 /* [CP] Copy Pods Resources */,
			);
			buildRules = (
			);
			dependencies = (
				1E428B4720B072EB001F5B18 /* PBXTargetDependency */,
			);
			name = EvHiveUITests;
			productName = EvHiveUITests;
			productReference = 1E428B4520B072EB001F5B18 /* EvHiveUITests.xctest */;
			productType = "com.apple.product-type.bundle.ui-testing";
		};
/* End PBXNativeTarget section */

/* Begin PBXProject section */
		1E428B1E20B072E8001F5B18 /* Project object */ = {
			isa = PBXProject;
			attributes = {
				LastSwiftUpdateCheck = 0930;
				LastUpgradeCheck = 0930;
				ORGANIZATIONNAME = Engkit;
				TargetAttributes = {
					1E428B2520B072E8001F5B18 = {
						CreatedOnToolsVersion = 9.3;
					};
					1E428B3920B072EB001F5B18 = {
						CreatedOnToolsVersion = 9.3;
						TestTargetID = 1E428B2520B072E8001F5B18;
					};
					1E428B4420B072EB001F5B18 = {
						CreatedOnToolsVersion = 9.3;
						TestTargetID = 1E428B2520B072E8001F5B18;
					};
				};
			};
			buildConfigurationList = 1E428B2120B072E8001F5B18 /* Build configuration list for PBXProject "EvHive" */;
			compatibilityVersion = "Xcode 9.3";
			developmentRegion = en;
			hasScannedForEncodings = 0;
			knownRegions = (
				en,
				Base,
			);
			mainGroup = 1E428B1D20B072E8001F5B18;
			productRefGroup = 1E428B2720B072E8001F5B18 /* Products */;
			projectDirPath = "";
			projectRoot = "";
			targets = (
				1E428B2520B072E8001F5B18 /* EvHive */,
				1E428B3920B072EB001F5B18 /* EvHiveTests */,
				1E428B4420B072EB001F5B18 /* EvHiveUITests */,
			);
		};
/* End PBXProject section */

/* Begin PBXResourcesBuildPhase section */
		1E428B2420B072E8001F5B18 /* Resources */ = {
			isa = PBXResourcesBuildPhase;
			buildActionMask = 2147483647;
			files = (
				1E8DAA5920B1CE4300C3FFB3 /* HeaderView.xib in Resources */,
				1E428B3420B072EB001F5B18 /* LaunchScreen.storyboard in Resources */,
				1E0DAAF220B1BEA3003C9BDF /* FilterSortTableViewCell.xib in Resources */,
				1E428B7820B179CF001F5B18 /* SearchingJobsTableViewCell.xib in Resources */,
				1E428B7320B171A0001F5B18 /* JobCategoryTableViewCell.xib in Resources */,
				1E428B5E20B0761E001F5B18 /* JobCardTableViewCell.xib in Resources */,
				1E428B3120B072EB001F5B18 /* Assets.xcassets in Resources */,
				1E428B6320B07F9D001F5B18 /* ChatBubbleSentTableViewCell.xib in Resources */,
				1E8DAA5E20B1D5E700C3FFB3 /* FilterButtonView.xib in Resources */,
				1E428B6820B08738001F5B18 /* ChatBubbleReceivedTableViewCell.xib in Resources */,
				1E0DAAF820B1BEFF003C9BDF /* FilterTypeTableViewCell.xib in Resources */,
				1E428B6D20B16CAB001F5B18 /* ProfileIconTableViewCell.xib in Resources */,
				1E428B2F20B072E8001F5B18 /* Main.storyboard in Resources */,
				1E0DAAFC20B1BF12003C9BDF /* ExperienceBarTableViewCell.xib in Resources */,
			);
			runOnlyForDeploymentPostprocessing = 0;
		};
		1E428B3820B072EB001F5B18 /* Resources */ = {
			isa = PBXResourcesBuildPhase;
			buildActionMask = 2147483647;
			files = (
			);
			runOnlyForDeploymentPostprocessing = 0;
		};
		1E428B4320B072EB001F5B18 /* Resources */ = {
			isa = PBXResourcesBuildPhase;
			buildActionMask = 2147483647;
			files = (
			);
			runOnlyForDeploymentPostprocessing = 0;
		};
/* End PBXResourcesBuildPhase section */

/* Begin PBXShellScriptBuildPhase section */
		53AF7B25C0570BDF4D298AC0 /* [CP] Check Pods Manifest.lock */ = {
			isa = PBXShellScriptBuildPhase;
			buildActionMask = 2147483647;
			files = (
			);
			inputPaths = (
				"${PODS_PODFILE_DIR_PATH}/Podfile.lock",
				"${PODS_ROOT}/Manifest.lock",
			);
			name = "[CP] Check Pods Manifest.lock";
			outputPaths = (
				"$(DERIVED_FILE_DIR)/Pods-EvHiveTests-checkManifestLockResult.txt",
			);
			runOnlyForDeploymentPostprocessing = 0;
			shellPath = /bin/sh;
			shellScript = "diff \"${PODS_PODFILE_DIR_PATH}/Podfile.lock\" \"${PODS_ROOT}/Manifest.lock\" > /dev/null\nif [ $? != 0 ] ; then\n    # print error to STDERR\n    echo \"error: The sandbox is not in sync with the Podfile.lock. Run 'pod install' or update your CocoaPods installation.\" >&2\n    exit 1\nfi\n# This output is used by Xcode 'outputs' to avoid re-running this script phase.\necho \"SUCCESS\" > \"${SCRIPT_OUTPUT_FILE_0}\"\n";
			showEnvVarsInLog = 0;
		};
		67F998250ECE9437D243B9A9 /* [CP] Copy Pods Resources */ = {
			isa = PBXShellScriptBuildPhase;
			buildActionMask = 2147483647;
			files = (
			);
			inputPaths = (
			);
			name = "[CP] Copy Pods Resources";
			outputPaths = (
			);
			runOnlyForDeploymentPostprocessing = 0;
			shellPath = /bin/sh;
			shellScript = "\"${SRCROOT}/Pods/Target Support Files/Pods-EvHive/Pods-EvHive-resources.sh\"\n";
			showEnvVarsInLog = 0;
		};
		783E902AC7909639BD0FEC83 /* [CP] Check Pods Manifest.lock */ = {
			isa = PBXShellScriptBuildPhase;
			buildActionMask = 2147483647;
			files = (
			);
			inputPaths = (
				"${PODS_PODFILE_DIR_PATH}/Podfile.lock",
				"${PODS_ROOT}/Manifest.lock",
			);
			name = "[CP] Check Pods Manifest.lock";
			outputPaths = (
				"$(DERIVED_FILE_DIR)/Pods-EvHive-checkManifestLockResult.txt",
			);
			runOnlyForDeploymentPostprocessing = 0;
			shellPath = /bin/sh;
			shellScript = "diff \"${PODS_PODFILE_DIR_PATH}/Podfile.lock\" \"${PODS_ROOT}/Manifest.lock\" > /dev/null\nif [ $? != 0 ] ; then\n    # print error to STDERR\n    echo \"error: The sandbox is not in sync with the Podfile.lock. Run 'pod install' or update your CocoaPods installation.\" >&2\n    exit 1\nfi\n# This output is used by Xcode 'outputs' to avoid re-running this script phase.\necho \"SUCCESS\" > \"${SCRIPT_OUTPUT_FILE_0}\"\n";
			showEnvVarsInLog = 0;
		};
		A5954325713B10BA97D69FEE /* [CP] Embed Pods Frameworks */ = {
			isa = PBXShellScriptBuildPhase;
			buildActionMask = 2147483647;
			files = (
			);
			inputPaths = (
			);
			name = "[CP] Embed Pods Frameworks";
			outputPaths = (
			);
			runOnlyForDeploymentPostprocessing = 0;
			shellPath = /bin/sh;
			shellScript = "\"${SRCROOT}/Pods/Target Support Files/Pods-EvHive/Pods-EvHive-frameworks.sh\"\n";
			showEnvVarsInLog = 0;
		};
		AA435C5BE4AB4127F41A581A /* [CP] Check Pods Manifest.lock */ = {
			isa = PBXShellScriptBuildPhase;
			buildActionMask = 2147483647;
			files = (
			);
			inputPaths = (
				"${PODS_PODFILE_DIR_PATH}/Podfile.lock",
				"${PODS_ROOT}/Manifest.lock",
			);
			name = "[CP] Check Pods Manifest.lock";
			outputPaths = (
				"$(DERIVED_FILE_DIR)/Pods-EvHiveUITests-checkManifestLockResult.txt",
			);
			runOnlyForDeploymentPostprocessing = 0;
			shellPath = /bin/sh;
			shellScript = "diff \"${PODS_PODFILE_DIR_PATH}/Podfile.lock\" \"${PODS_ROOT}/Manifest.lock\" > /dev/null\nif [ $? != 0 ] ; then\n    # print error to STDERR\n    echo \"error: The sandbox is not in sync with the Podfile.lock. Run 'pod install' or update your CocoaPods installation.\" >&2\n    exit 1\nfi\n# This output is used by Xcode 'outputs' to avoid re-running this script phase.\necho \"SUCCESS\" > \"${SCRIPT_OUTPUT_FILE_0}\"\n";
			showEnvVarsInLog = 0;
		};
		B6661CECDD52B763A7A3D9E0 /* [CP] Copy Pods Resources */ = {
			isa = PBXShellScriptBuildPhase;
			buildActionMask = 2147483647;
			files = (
			);
			inputPaths = (
			);
			name = "[CP] Copy Pods Resources";
			outputPaths = (
			);
			runOnlyForDeploymentPostprocessing = 0;
			shellPath = /bin/sh;
			shellScript = "\"${SRCROOT}/Pods/Target Support Files/Pods-EvHiveUITests/Pods-EvHiveUITests-resources.sh\"\n";
			showEnvVarsInLog = 0;
		};
		B7BD9D4B3E5D464E1DC23912 /* [CP] Embed Pods Frameworks */ = {
			isa = PBXShellScriptBuildPhase;
			buildActionMask = 2147483647;
			files = (
			);
			inputPaths = (
			);
			name = "[CP] Embed Pods Frameworks";
			outputPaths = (
			);
			runOnlyForDeploymentPostprocessing = 0;
			shellPath = /bin/sh;
			shellScript = "\"${SRCROOT}/Pods/Target Support Files/Pods-EvHiveTests/Pods-EvHiveTests-frameworks.sh\"\n";
			showEnvVarsInLog = 0;
		};
		B87641DA33923B16FA82C2BC /* [CP] Copy Pods Resources */ = {
			isa = PBXShellScriptBuildPhase;
			buildActionMask = 2147483647;
			files = (
			);
			inputPaths = (
			);
			name = "[CP] Copy Pods Resources";
			outputPaths = (
			);
			runOnlyForDeploymentPostprocessing = 0;
			shellPath = /bin/sh;
			shellScript = "\"${SRCROOT}/Pods/Target Support Files/Pods-EvHiveTests/Pods-EvHiveTests-resources.sh\"\n";
			showEnvVarsInLog = 0;
		};
		F04DBF4B663FB1B838819280 /* [CP] Embed Pods Frameworks */ = {
			isa = PBXShellScriptBuildPhase;
			buildActionMask = 2147483647;
			files = (
			);
			inputPaths = (
			);
			name = "[CP] Embed Pods Frameworks";
			outputPaths = (
			);
			runOnlyForDeploymentPostprocessing = 0;
			shellPath = /bin/sh;
			shellScript = "\"${SRCROOT}/Pods/Target Support Files/Pods-EvHiveUITests/Pods-EvHiveUITests-frameworks.sh\"\n";
			showEnvVarsInLog = 0;
		};
/* End PBXShellScriptBuildPhase section */

/* Begin PBXSourcesBuildPhase section */
		1E428B2220B072E8001F5B18 /* Sources */ = {
			isa = PBXSourcesBuildPhase;
			buildActionMask = 2147483647;
			files = (
				1E428B7720B179CF001F5B18 /* SearchingJobsTableViewCell.swift in Sources */,
				1E428B5D20B0761E001F5B18 /* JobCardTableViewCell.swift in Sources */,
				1E428B7A20B18433001F5B18 /* OptionViewController.swift in Sources */,
				1E428B2C20B072E8001F5B18 /* EvHiveHomeViewController.swift in Sources */,
				1E0DAAFB20B1BF12003C9BDF /* ExperienceBarTableViewCell.swift in Sources */,
				1E0DAAF120B1BEA3003C9BDF /* FilterSortTableViewCell.swift in Sources */,
				1E8DAA6020B1D6B300C3FFB3 /* FilterButtonView.swift in Sources */,
				1E0DAAED20B1AF29003C9BDF /* FilterViewController.swift in Sources */,
				1E428B2A20B072E8001F5B18 /* AppDelegate.swift in Sources */,
				1E428B6220B07F9D001F5B18 /* ChatBubbleSentTableViewCell.swift in Sources */,
				1E428B6C20B16CAB001F5B18 /* ProfileIconTableViewCell.swift in Sources */,
				1E428B7220B171A0001F5B18 /* JobCategoryTableViewCell.swift in Sources */,
				1E0DAAF720B1BEFF003C9BDF /* FilterTypeTableViewCell.swift in Sources */,
				1E428B6720B08738001F5B18 /* ChatBubbleReceivedTableViewCell.swift in Sources */,
				1E8DAA5B20B1CE7C00C3FFB3 /* HeaderView.swift in Sources */,
			);
			runOnlyForDeploymentPostprocessing = 0;
		};
		1E428B3620B072EB001F5B18 /* Sources */ = {
			isa = PBXSourcesBuildPhase;
			buildActionMask = 2147483647;
			files = (
				1E428B3F20B072EB001F5B18 /* EvHiveTests.swift in Sources */,
			);
			runOnlyForDeploymentPostprocessing = 0;
		};
		1E428B4120B072EB001F5B18 /* Sources */ = {
			isa = PBXSourcesBuildPhase;
			buildActionMask = 2147483647;
			files = (
				1E428B4A20B072EB001F5B18 /* EvHiveUITests.swift in Sources */,
			);
			runOnlyForDeploymentPostprocessing = 0;
		};
/* End PBXSourcesBuildPhase section */

/* Begin PBXTargetDependency section */
		1E428B3C20B072EB001F5B18 /* PBXTargetDependency */ = {
			isa = PBXTargetDependency;
			target = 1E428B2520B072E8001F5B18 /* EvHive */;
			targetProxy = 1E428B3B20B072EB001F5B18 /* PBXContainerItemProxy */;
		};
		1E428B4720B072EB001F5B18 /* PBXTargetDependency */ = {
			isa = PBXTargetDependency;
			target = 1E428B2520B072E8001F5B18 /* EvHive */;
			targetProxy = 1E428B4620B072EB001F5B18 /* PBXContainerItemProxy */;
		};
/* End PBXTargetDependency section */

/* Begin PBXVariantGroup section */
		1E428B2D20B072E8001F5B18 /* Main.storyboard */ = {
			isa = PBXVariantGroup;
			children = (
				1E428B2E20B072E8001F5B18 /* Base */,
			);
			name = Main.storyboard;
			sourceTree = "<group>";
		};
		1E428B3220B072EB001F5B18 /* LaunchScreen.storyboard */ = {
			isa = PBXVariantGroup;
			children = (
				1E428B3320B072EB001F5B18 /* Base */,
			);
			name = LaunchScreen.storyboard;
			sourceTree = "<group>";
		};
/* End PBXVariantGroup section */

/* Begin XCBuildConfiguration section */
		1E428B4C20B072EB001F5B18 /* Debug */ = {
			isa = XCBuildConfiguration;
			buildSettings = {
				ALWAYS_SEARCH_USER_PATHS = NO;
				CLANG_ANALYZER_NONNULL = YES;
				CLANG_ANALYZER_NUMBER_OBJECT_CONVERSION = YES_AGGRESSIVE;
				CLANG_CXX_LANGUAGE_STANDARD = "gnu++14";
				CLANG_CXX_LIBRARY = "libc++";
				CLANG_ENABLE_MODULES = YES;
				CLANG_ENABLE_OBJC_ARC = YES;
				CLANG_ENABLE_OBJC_WEAK = YES;
				CLANG_WARN_BLOCK_CAPTURE_AUTORELEASING = YES;
				CLANG_WARN_BOOL_CONVERSION = YES;
				CLANG_WARN_COMMA = YES;
				CLANG_WARN_CONSTANT_CONVERSION = YES;
				CLANG_WARN_DEPRECATED_OBJC_IMPLEMENTATIONS = YES;
				CLANG_WARN_DIRECT_OBJC_ISA_USAGE = YES_ERROR;
				CLANG_WARN_DOCUMENTATION_COMMENTS = YES;
				CLANG_WARN_EMPTY_BODY = YES;
				CLANG_WARN_ENUM_CONVERSION = YES;
				CLANG_WARN_INFINITE_RECURSION = YES;
				CLANG_WARN_INT_CONVERSION = YES;
				CLANG_WARN_NON_LITERAL_NULL_CONVERSION = YES;
				CLANG_WARN_OBJC_IMPLICIT_RETAIN_SELF = YES;
				CLANG_WARN_OBJC_LITERAL_CONVERSION = YES;
				CLANG_WARN_OBJC_ROOT_CLASS = YES_ERROR;
				CLANG_WARN_RANGE_LOOP_ANALYSIS = YES;
				CLANG_WARN_STRICT_PROTOTYPES = YES;
				CLANG_WARN_SUSPICIOUS_MOVE = YES;
				CLANG_WARN_UNGUARDED_AVAILABILITY = YES_AGGRESSIVE;
				CLANG_WARN_UNREACHABLE_CODE = YES;
				CLANG_WARN__DUPLICATE_METHOD_MATCH = YES;
				CODE_SIGN_IDENTITY = "iPhone Developer";
				COPY_PHASE_STRIP = NO;
				DEBUG_INFORMATION_FORMAT = dwarf;
				ENABLE_STRICT_OBJC_MSGSEND = YES;
				ENABLE_TESTABILITY = YES;
				GCC_C_LANGUAGE_STANDARD = gnu11;
				GCC_DYNAMIC_NO_PIC = NO;
				GCC_NO_COMMON_BLOCKS = YES;
				GCC_OPTIMIZATION_LEVEL = 0;
				GCC_PREPROCESSOR_DEFINITIONS = (
					"DEBUG=1",
					"$(inherited)",
				);
				GCC_WARN_64_TO_32_BIT_CONVERSION = YES;
				GCC_WARN_ABOUT_RETURN_TYPE = YES_ERROR;
				GCC_WARN_UNDECLARED_SELECTOR = YES;
				GCC_WARN_UNINITIALIZED_AUTOS = YES_AGGRESSIVE;
				GCC_WARN_UNUSED_FUNCTION = YES;
				GCC_WARN_UNUSED_VARIABLE = YES;
				IPHONEOS_DEPLOYMENT_TARGET = 11.3;
				MTL_ENABLE_DEBUG_INFO = YES;
				ONLY_ACTIVE_ARCH = YES;
				SDKROOT = iphoneos;
				SWIFT_ACTIVE_COMPILATION_CONDITIONS = DEBUG;
				SWIFT_OPTIMIZATION_LEVEL = "-Onone";
			};
			name = Debug;
		};
		1E428B4D20B072EB001F5B18 /* Release */ = {
			isa = XCBuildConfiguration;
			buildSettings = {
				ALWAYS_SEARCH_USER_PATHS = NO;
				CLANG_ANALYZER_NONNULL = YES;
				CLANG_ANALYZER_NUMBER_OBJECT_CONVERSION = YES_AGGRESSIVE;
				CLANG_CXX_LANGUAGE_STANDARD = "gnu++14";
				CLANG_CXX_LIBRARY = "libc++";
				CLANG_ENABLE_MODULES = YES;
				CLANG_ENABLE_OBJC_ARC = YES;
				CLANG_ENABLE_OBJC_WEAK = YES;
				CLANG_WARN_BLOCK_CAPTURE_AUTORELEASING = YES;
				CLANG_WARN_BOOL_CONVERSION = YES;
				CLANG_WARN_COMMA = YES;
				CLANG_WARN_CONSTANT_CONVERSION = YES;
				CLANG_WARN_DEPRECATED_OBJC_IMPLEMENTATIONS = YES;
				CLANG_WARN_DIRECT_OBJC_ISA_USAGE = YES_ERROR;
				CLANG_WARN_DOCUMENTATION_COMMENTS = YES;
				CLANG_WARN_EMPTY_BODY = YES;
				CLANG_WARN_ENUM_CONVERSION = YES;
				CLANG_WARN_INFINITE_RECURSION = YES;
				CLANG_WARN_INT_CONVERSION = YES;
				CLANG_WARN_NON_LITERAL_NULL_CONVERSION = YES;
				CLANG_WARN_OBJC_IMPLICIT_RETAIN_SELF = YES;
				CLANG_WARN_OBJC_LITERAL_CONVERSION = YES;
				CLANG_WARN_OBJC_ROOT_CLASS = YES_ERROR;
				CLANG_WARN_RANGE_LOOP_ANALYSIS = YES;
				CLANG_WARN_STRICT_PROTOTYPES = YES;
				CLANG_WARN_SUSPICIOUS_MOVE = YES;
				CLANG_WARN_UNGUARDED_AVAILABILITY = YES_AGGRESSIVE;
				CLANG_WARN_UNREACHABLE_CODE = YES;
				CLANG_WARN__DUPLICATE_METHOD_MATCH = YES;
				CODE_SIGN_IDENTITY = "iPhone Developer";
				COPY_PHASE_STRIP = NO;
				DEBUG_INFORMATION_FORMAT = "dwarf-with-dsym";
				ENABLE_NS_ASSERTIONS = NO;
				ENABLE_STRICT_OBJC_MSGSEND = YES;
				GCC_C_LANGUAGE_STANDARD = gnu11;
				GCC_NO_COMMON_BLOCKS = YES;
				GCC_WARN_64_TO_32_BIT_CONVERSION = YES;
				GCC_WARN_ABOUT_RETURN_TYPE = YES_ERROR;
				GCC_WARN_UNDECLARED_SELECTOR = YES;
				GCC_WARN_UNINITIALIZED_AUTOS = YES_AGGRESSIVE;
				GCC_WARN_UNUSED_FUNCTION = YES;
				GCC_WARN_UNUSED_VARIABLE = YES;
				IPHONEOS_DEPLOYMENT_TARGET = 11.3;
				MTL_ENABLE_DEBUG_INFO = NO;
				SDKROOT = iphoneos;
				SWIFT_COMPILATION_MODE = wholemodule;
				SWIFT_OPTIMIZATION_LEVEL = "-O";
				VALIDATE_PRODUCT = YES;
			};
			name = Release;
		};
		1E428B4F20B072EB001F5B18 /* Debug */ = {
			isa = XCBuildConfiguration;
			baseConfigurationReference = 4F48577D5CBD8CE5C8C3ACA0 /* Pods-EvHive.debug.xcconfig */;
			buildSettings = {
				ASSETCATALOG_COMPILER_APPICON_NAME = AppIcon;
				CODE_SIGN_STYLE = Automatic;
				INFOPLIST_FILE = EvHive/Info.plist;
				LD_RUNPATH_SEARCH_PATHS = (
					"$(inherited)",
					"@executable_path/Frameworks",
				);
				PRODUCT_BUNDLE_IDENTIFIER = com.engkit.EvHive;
				PRODUCT_NAME = "$(TARGET_NAME)";
				SWIFT_VERSION = 4.0;
				TARGETED_DEVICE_FAMILY = "1,2";
			};
			name = Debug;
		};
		1E428B5020B072EB001F5B18 /* Release */ = {
			isa = XCBuildConfiguration;
			baseConfigurationReference = D0BB7A8FB08159559B5FB990 /* Pods-EvHive.release.xcconfig */;
			buildSettings = {
				ASSETCATALOG_COMPILER_APPICON_NAME = AppIcon;
				CODE_SIGN_STYLE = Automatic;
				INFOPLIST_FILE = EvHive/Info.plist;
				LD_RUNPATH_SEARCH_PATHS = (
					"$(inherited)",
					"@executable_path/Frameworks",
				);
				PRODUCT_BUNDLE_IDENTIFIER = com.engkit.EvHive;
				PRODUCT_NAME = "$(TARGET_NAME)";
				SWIFT_VERSION = 4.0;
				TARGETED_DEVICE_FAMILY = "1,2";
			};
			name = Release;
		};
		1E428B5220B072EB001F5B18 /* Debug */ = {
			isa = XCBuildConfiguration;
			baseConfigurationReference = 4AFEBD771E0442DC2CDA73B5 /* Pods-EvHiveTests.debug.xcconfig */;
			buildSettings = {
				ALWAYS_EMBED_SWIFT_STANDARD_LIBRARIES = YES;
				BUNDLE_LOADER = "$(TEST_HOST)";
				CODE_SIGN_STYLE = Automatic;
				INFOPLIST_FILE = EvHiveTests/Info.plist;
				LD_RUNPATH_SEARCH_PATHS = (
					"$(inherited)",
					"@executable_path/Frameworks",
					"@loader_path/Frameworks",
				);
				PRODUCT_BUNDLE_IDENTIFIER = com.engkit.EvHiveTests;
				PRODUCT_NAME = "$(TARGET_NAME)";
				SWIFT_VERSION = 4.0;
				TARGETED_DEVICE_FAMILY = "1,2";
				TEST_HOST = "$(BUILT_PRODUCTS_DIR)/EvHive.app/EvHive";
			};
			name = Debug;
		};
		1E428B5320B072EB001F5B18 /* Release */ = {
			isa = XCBuildConfiguration;
			baseConfigurationReference = 6831FE87DA05EEF6CBE769A1 /* Pods-EvHiveTests.release.xcconfig */;
			buildSettings = {
				ALWAYS_EMBED_SWIFT_STANDARD_LIBRARIES = YES;
				BUNDLE_LOADER = "$(TEST_HOST)";
				CODE_SIGN_STYLE = Automatic;
				INFOPLIST_FILE = EvHiveTests/Info.plist;
				LD_RUNPATH_SEARCH_PATHS = (
					"$(inherited)",
					"@executable_path/Frameworks",
					"@loader_path/Frameworks",
				);
				PRODUCT_BUNDLE_IDENTIFIER = com.engkit.EvHiveTests;
				PRODUCT_NAME = "$(TARGET_NAME)";
				SWIFT_VERSION = 4.0;
				TARGETED_DEVICE_FAMILY = "1,2";
				TEST_HOST = "$(BUILT_PRODUCTS_DIR)/EvHive.app/EvHive";
			};
			name = Release;
		};
		1E428B5520B072EB001F5B18 /* Debug */ = {
			isa = XCBuildConfiguration;
			baseConfigurationReference = 112E7A07B1FEEA6DAC2F6EE9 /* Pods-EvHiveUITests.debug.xcconfig */;
			buildSettings = {
				ALWAYS_EMBED_SWIFT_STANDARD_LIBRARIES = YES;
				CODE_SIGN_STYLE = Automatic;
				INFOPLIST_FILE = EvHiveUITests/Info.plist;
				LD_RUNPATH_SEARCH_PATHS = (
					"$(inherited)",
					"@executable_path/Frameworks",
					"@loader_path/Frameworks",
				);
				PRODUCT_BUNDLE_IDENTIFIER = com.engkit.EvHiveUITests;
				PRODUCT_NAME = "$(TARGET_NAME)";
				SWIFT_VERSION = 4.0;
				TARGETED_DEVICE_FAMILY = "1,2";
				TEST_TARGET_NAME = EvHive;
			};
			name = Debug;
		};
		1E428B5620B072EB001F5B18 /* Release */ = {
			isa = XCBuildConfiguration;
			baseConfigurationReference = 63A2C88870D2621F2CCB89DB /* Pods-EvHiveUITests.release.xcconfig */;
			buildSettings = {
				ALWAYS_EMBED_SWIFT_STANDARD_LIBRARIES = YES;
				CODE_SIGN_STYLE = Automatic;
				INFOPLIST_FILE = EvHiveUITests/Info.plist;
				LD_RUNPATH_SEARCH_PATHS = (
					"$(inherited)",
					"@executable_path/Frameworks",
					"@loader_path/Frameworks",
				);
				PRODUCT_BUNDLE_IDENTIFIER = com.engkit.EvHiveUITests;
				PRODUCT_NAME = "$(TARGET_NAME)";
				SWIFT_VERSION = 4.0;
				TARGETED_DEVICE_FAMILY = "1,2";
				TEST_TARGET_NAME = EvHive;
			};
			name = Release;
		};
/* End XCBuildConfiguration section */

/* Begin XCConfigurationList section */
		1E428B2120B072E8001F5B18 /* Build configuration list for PBXProject "EvHive" */ = {
			isa = XCConfigurationList;
			buildConfigurations = (
				1E428B4C20B072EB001F5B18 /* Debug */,
				1E428B4D20B072EB001F5B18 /* Release */,
			);
			defaultConfigurationIsVisible = 0;
			defaultConfigurationName = Release;
		};
		1E428B4E20B072EB001F5B18 /* Build configuration list for PBXNativeTarget "EvHive" */ = {
			isa = XCConfigurationList;
			buildConfigurations = (
				1E428B4F20B072EB001F5B18 /* Debug */,
				1E428B5020B072EB001F5B18 /* Release */,
			);
			defaultConfigurationIsVisible = 0;
			defaultConfigurationName = Release;
		};
		1E428B5120B072EB001F5B18 /* Build configuration list for PBXNativeTarget "EvHiveTests" */ = {
			isa = XCConfigurationList;
			buildConfigurations = (
				1E428B5220B072EB001F5B18 /* Debug */,
				1E428B5320B072EB001F5B18 /* Release */,
			);
			defaultConfigurationIsVisible = 0;
			defaultConfigurationName = Release;
		};
		1E428B5420B072EB001F5B18 /* Build configuration list for PBXNativeTarget "EvHiveUITests" */ = {
			isa = XCConfigurationList;
			buildConfigurations = (
				1E428B5520B072EB001F5B18 /* Debug */,
				1E428B5620B072EB001F5B18 /* Release */,
			);
			defaultConfigurationIsVisible = 0;
			defaultConfigurationName = Release;
		};
/* End XCConfigurationList section */
	};
	rootObject = 1E428B1E20B072E8001F5B18 /* Project object */;
}
